
Microsoft Visual Studio Solution File, Format Version 12.00
# Visual Studio Version 17
VisualStudioVersion = 17.5.33530.505
MinimumVisualStudioVersion = 10.0.40219.1
Project("{FAE04EC0-301F-11D3-BF4B-00C04F79EFBC}") = "DigitalSignature", "DigitalSignature\DigitalSignature.csproj", "{9EA15A74-5BB1-442F-9A62-21759868C5B8}"
EndProject
Global
	GlobalSection(SolutionConfigurationPlatforms) = preSolution
		Debug|Any CPU = Debug|Any CPU
		Release|Any CPU = Release|Any CPU
	EndGlobalSection
	GlobalSection(ProjectConfigurationPlatforms) = postSolution
		{9EA15A74-5BB1-442F-9A62-21759868C5B8}.Debug|Any CPU.ActiveCfg = Debug|Any CPU
		{9EA15A74-5BB1-442F-9A62-21759868C5B8}.Debug|Any CPU.Build.0 = Debug|Any CPU
		{9EA15A74-5BB1-442F-9A62-21759868C5B8}.Release|Any CPU.ActiveCfg = Release|Any CPU
		{9EA15A74-5BB1-442F-9A62-21759868C5B8}.Release|Any CPU.Build.0 = Release|Any CPU
	EndGlobalSection
	GlobalSection(SolutionProperties) = preSolution
		HideSolutionNode = FALSE
	EndGlobalSection
	GlobalSection(ExtensibilityGlobals) = postSolution
		SolutionGuid = {B06DA1C6-3A4F-4077-90F1-37EAB405E72F}
	EndGlobalSection
EndGlobal
